schema: '2.0'
stages:
  data_cleaning:
    cmd: python src/data/data_cleaning.py
    deps:
    - path: data/raw/swiggy.csv
      hash: md5
      md5: 0b050b37dfe6cfbfaa18d7cb4e454377
      size: 7772212
    - path: src/data/data_cleaning.py
      hash: md5
      md5: 54998e07b53795f373a4b6b0c5d5514c
      size: 7051
    outs:
    - path: data/cleaned/swiggy_cleaned.csv
      hash: md5
      md5: 1deb3388524bc70bc19f1def1d4ad8da
      size: 4516967
  Data_preparation:
    cmd: python src/data/Data_preparation.py
    deps:
    - path: data/cleaned/swiggy_cleaned.csv
      hash: md5
      md5: 1deb3388524bc70bc19f1def1d4ad8da
      size: 4516967
    - path: src/data/Data_preparation.py
      hash: md5
      md5: d99a82846bef32fdf59af670e76ec44d
      size: 2276
    params:
      params.yaml:
        Data_Preparation.random_state: 42
        Data_Preparation.test_size: 0.2
    outs:
    - path: data/interim/test.csv
      hash: md5
      md5: c9e5998bc05c92baec88a0cfb35cd904
      size: 901642
    - path: data/interim/train.csv
      hash: md5
      md5: aecf6806fbf845834b746b66bdc207ca
      size: 3606559
